Microsoft Visual Studio Solution File, Format Version 12.00
# Visual Studio Version 17
VisualStudioVersion = 17.5.2.0
MinimumVisualStudioVersion = 10.0.40219.1
Project("{2150E333-8FDC-42A3-9474-1A3956D46DE8}") = "Components", "Components", "{F30895DC-C3AC-FF44-FFF8-D51D98AE1B61}"
EndProject
Project("{2150E333-8FDC-42A3-9474-1A3956D46DE8}") = "Demo", "Demo", "{A39C23D2-F2C0-258D-165A-CF1E7FEE6E7B}"
EndProject
Project("{FAE04EC0-301F-11D3-BF4B-00C04F79EFBC}") = "Bulzor.Components", "Components\Bulzor.Components.csproj", "{4DF67082-B469-C829-4406-0C300AACD381}"
EndProject
Project("{2150E333-8FDC-42A3-9474-1A3956D46DE8}") = "Server", "Server", "{A1D782D3-8027-944B-79D8-A2CD63A0DAEF}"
EndProject
Project("{FAE04EC0-301F-11D3-BF4B-00C04F79EFBC}") = "Demo.Server", "Demo\Server\Demo.Server.csproj", "{444367FD-298C-2C44-693E-34B966983241}"
EndProject
Project("{2150E333-8FDC-42A3-9474-1A3956D46DE8}") = "Client", "Client", "{B79901D4-1AA9-0A48-CDB9-662558DEBEDD}"
EndProject
Project("{FAE04EC0-301F-11D3-BF4B-00C04F79EFBC}") = "Demo.Client", "Demo\Client\Demo.Client.csproj", "{691DD47A-3253-3F59-755A-AAC31644C1DD}"
EndProject
Global
	GlobalSection(SolutionConfigurationPlatforms) = preSolution
		Debug|Any CPU = Debug|Any CPU
		Release|Any CPU = Release|Any CPU
	EndGlobalSection
	GlobalSection(ProjectConfigurationPlatforms) = postSolution
		{4DF67082-B469-C829-4406-0C300AACD381}.Debug|Any CPU.ActiveCfg = Debug|Any CPU
		{4DF67082-B469-C829-4406-0C300AACD381}.Debug|Any CPU.Build.0 = Debug|Any CPU
		{4DF67082-B469-C829-4406-0C300AACD381}.Release|Any CPU.ActiveCfg = Release|Any CPU
		{4DF67082-B469-C829-4406-0C300AACD381}.Release|Any CPU.Build.0 = Release|Any CPU
		{444367FD-298C-2C44-693E-34B966983241}.Debug|Any CPU.ActiveCfg = Debug|Any CPU
		{444367FD-298C-2C44-693E-34B966983241}.Debug|Any CPU.Build.0 = Debug|Any CPU
		{444367FD-298C-2C44-693E-34B966983241}.Release|Any CPU.ActiveCfg = Release|Any CPU
		{444367FD-298C-2C44-693E-34B966983241}.Release|Any CPU.Build.0 = Release|Any CPU
		{691DD47A-3253-3F59-755A-AAC31644C1DD}.Debug|Any CPU.ActiveCfg = Debug|Any CPU
		{691DD47A-3253-3F59-755A-AAC31644C1DD}.Debug|Any CPU.Build.0 = Debug|Any CPU
		{691DD47A-3253-3F59-755A-AAC31644C1DD}.Release|Any CPU.ActiveCfg = Release|Any CPU
		{691DD47A-3253-3F59-755A-AAC31644C1DD}.Release|Any CPU.Build.0 = Release|Any CPU
	EndGlobalSection
	GlobalSection(SolutionProperties) = preSolution
		HideSolutionNode = FALSE
	EndGlobalSection
	GlobalSection(NestedProjects) = preSolution
		{4DF67082-B469-C829-4406-0C300AACD381} = {F30895DC-C3AC-FF44-FFF8-D51D98AE1B61}
		{A1D782D3-8027-944B-79D8-A2CD63A0DAEF} = {A39C23D2-F2C0-258D-165A-CF1E7FEE6E7B}
		{444367FD-298C-2C44-693E-34B966983241} = {A1D782D3-8027-944B-79D8-A2CD63A0DAEF}
		{B79901D4-1AA9-0A48-CDB9-662558DEBEDD} = {A39C23D2-F2C0-258D-165A-CF1E7FEE6E7B}
		{691DD47A-3253-3F59-755A-AAC31644C1DD} = {B79901D4-1AA9-0A48-CDB9-662558DEBEDD}
	EndGlobalSection
	GlobalSection(ExtensibilityGlobals) = postSolution
		SolutionGuid = {162EAD2D-EC86-4E37-9659-6EA86DF56DC3}
	EndGlobalSection
EndGlobal
