
Microsoft Visual Studio Solution File, Format Version 12.00
# Visual Studio Version 17
VisualStudioVersion = 17.5.002.0
MinimumVisualStudioVersion = 10.0.40219.1
Project("{9A19103F-16F7-4668-BE54-9A1E7A4F7556}") = "Bulzor.Components.Extended", "Components.Extended\Bulzor.Components.Extended.csproj", "{EB7F2C4E-E2A9-44FD-AE38-2927BCA0593B}"
EndProject
Project("{9A19103F-16F7-4668-BE54-9A1E7A4F7556}") = "Bulzor.Components.ReCaptcha", "Components.ReCaptcha\Bulzor.Components.ReCaptcha.csproj", "{3A11576A-ED4C-410F-82AB-5409CDEB01A1}"
EndProject
Project("{9A19103F-16F7-4668-BE54-9A1E7A4F7556}") = "Bulzor.Components.MediaPlayer", "Components.MediaPlayer\Bulzor.Components.MediaPlayer.csproj", "{ADDF8DF7-D1B2-44FA-8C9C-D8A58096ACCC}"
EndProject
Project("{9A19103F-16F7-4668-BE54-9A1E7A4F7556}") = "Bulzor.Components", "Components\Bulzor.Components.csproj", "{B97F6A1E-36AE-4B2C-9D6A-C1158362D8F4}"
EndProject
Project("{2150E333-8FDC-42A3-9474-1A3956D46DE8}") = "Demo", "Demo", "{6F03527E-C616-4F06-916E-04D4B40E4B22}"
EndProject
Project("{9A19103F-16F7-4668-BE54-9A1E7A4F7556}") = "Demo.Server", "Demo\Server\Demo.Server.csproj", "{886D5157-0046-4938-8863-34A25660D708}"
EndProject
Project("{9A19103F-16F7-4668-BE54-9A1E7A4F7556}") = "Demo.Client", "Demo\Client\Demo.Client.csproj", "{0C9103EB-DC10-4638-9A63-EDED8ED1686D}"
EndProject
Global
	GlobalSection(SolutionConfigurationPlatforms) = preSolution
		Debug|Any CPU = Debug|Any CPU
		Release|Any CPU = Release|Any CPU
	EndGlobalSection
	GlobalSection(ProjectConfigurationPlatforms) = postSolution
		{EB7F2C4E-E2A9-44FD-AE38-2927BCA0593B}.Debug|Any CPU.ActiveCfg = Debug|Any CPU
		{EB7F2C4E-E2A9-44FD-AE38-2927BCA0593B}.Debug|Any CPU.Build.0 = Debug|Any CPU
		{EB7F2C4E-E2A9-44FD-AE38-2927BCA0593B}.Release|Any CPU.ActiveCfg = Release|Any CPU
		{EB7F2C4E-E2A9-44FD-AE38-2927BCA0593B}.Release|Any CPU.Build.0 = Release|Any CPU
		{3A11576A-ED4C-410F-82AB-5409CDEB01A1}.Debug|Any CPU.ActiveCfg = Debug|Any CPU
		{3A11576A-ED4C-410F-82AB-5409CDEB01A1}.Debug|Any CPU.Build.0 = Debug|Any CPU
		{3A11576A-ED4C-410F-82AB-5409CDEB01A1}.Release|Any CPU.ActiveCfg = Release|Any CPU
		{3A11576A-ED4C-410F-82AB-5409CDEB01A1}.Release|Any CPU.Build.0 = Release|Any CPU
		{ADDF8DF7-D1B2-44FA-8C9C-D8A58096ACCC}.Debug|Any CPU.ActiveCfg = Debug|Any CPU
		{ADDF8DF7-D1B2-44FA-8C9C-D8A58096ACCC}.Debug|Any CPU.Build.0 = Debug|Any CPU
		{ADDF8DF7-D1B2-44FA-8C9C-D8A58096ACCC}.Release|Any CPU.ActiveCfg = Release|Any CPU
		{ADDF8DF7-D1B2-44FA-8C9C-D8A58096ACCC}.Release|Any CPU.Build.0 = Release|Any CPU
		{B97F6A1E-36AE-4B2C-9D6A-C1158362D8F4}.Debug|Any CPU.ActiveCfg = Debug|Any CPU
		{B97F6A1E-36AE-4B2C-9D6A-C1158362D8F4}.Debug|Any CPU.Build.0 = Debug|Any CPU
		{B97F6A1E-36AE-4B2C-9D6A-C1158362D8F4}.Release|Any CPU.ActiveCfg = Release|Any CPU
		{B97F6A1E-36AE-4B2C-9D6A-C1158362D8F4}.Release|Any CPU.Build.0 = Release|Any CPU
		{886D5157-0046-4938-8863-34A25660D708}.Debug|Any CPU.ActiveCfg = Debug|Any CPU
		{886D5157-0046-4938-8863-34A25660D708}.Debug|Any CPU.Build.0 = Debug|Any CPU
		{886D5157-0046-4938-8863-34A25660D708}.Release|Any CPU.ActiveCfg = Release|Any CPU
		{886D5157-0046-4938-8863-34A25660D708}.Release|Any CPU.Build.0 = Release|Any CPU
		{0C9103EB-DC10-4638-9A63-EDED8ED1686D}.Debug|Any CPU.ActiveCfg = Debug|Any CPU
		{0C9103EB-DC10-4638-9A63-EDED8ED1686D}.Debug|Any CPU.Build.0 = Debug|Any CPU
		{0C9103EB-DC10-4638-9A63-EDED8ED1686D}.Release|Any CPU.ActiveCfg = Release|Any CPU
		{0C9103EB-DC10-4638-9A63-EDED8ED1686D}.Release|Any CPU.Build.0 = Release|Any CPU
	EndGlobalSection
	GlobalSection(SolutionProperties) = preSolution
		HideSolutionNode = FALSE
	EndGlobalSection
	GlobalSection(NestedProjects) = preSolution
		{886D5157-0046-4938-8863-34A25660D708} = {6F03527E-C616-4F06-916E-04D4B40E4B22}
		{0C9103EB-DC10-4638-9A63-EDED8ED1686D} = {6F03527E-C616-4F06-916E-04D4B40E4B22}
	EndGlobalSection
	GlobalSection(ExtensibilityGlobals) = postSolution
		SolutionGuid = {A7E8400D-52EE-48CB-96AE-C4EDE01CD100}
	EndGlobalSection
EndGlobal
