{
  "name": "job-shepherd-ui",
  "requires": true,
  "lockfileVersion": 1,
  "dependencies": {
    "bulma": {
      "version": "0.8.2",
      "resolved": "https://registry.npmjs.org/bulma/-/bulma-0.8.2.tgz",
      "integrity": "sha512-vMM/ijYSxX+Sm+nD7Lmc1UgWDy2JcL2nTKqwgEqXuOMU+IGALbXd5MLt/BcjBAPLIx36TtzhzBcSnOP974gcqA=="
    },
    "bulma-slider": {
      "version": "2.0.0",
      "resolved": "https://registry.npmjs.org/bulma-slider/-/bulma-slider-2.0.0.tgz",
      "integrity": "sha512-lXKMA/U43Fi1UnMkVYdNuEu0cGLo4JSWFUcnEyzNXkdpmDFic+d8H9oiaRoLbPiuGTC5SNoHMCP24T5544gnlQ=="
    },
    "bulzor-components-extended": {
      "version": "0.1.5",
      "resolved": "https://registry.npmjs.org/bulzor-components-extended/-/bulzor-components-extended-0.1.5.tgz",
      "integrity": "sha512-Two9zMR1xoRUxpUiAqF0NkF2zdBHiFj0ggSuyU3N8iB/yVFSFRd2AOPTbraAU5p/QK9LisAWRq2GhkrbWFfuDQ==",
      "requires": {
        "bulma-slider": "^2.0.0"
      }
    }
  }
}
