{
  "name": "Server",
  "lockfileVersion": 2,
  "requires": true,
  "packages": {
    "": {
      "license": "MIT",
      "devDependencies": {
        "bulma": "^0.9.*",
        "bulzor-components-extended": "^0.3.*",
        "bulzor-components-mediaplayer": "^0.3.*"
      }
    },
    "node_modules/bulma": {
      "version": "0.9.3",
      "resolved": "https://registry.npmjs.org/bulma/-/bulma-0.9.3.tgz",
      "integrity": "sha512-0d7GNW1PY4ud8TWxdNcP6Cc8Bu7MxcntD/RRLGWuiw/s0a9P+XlH/6QoOIrmbj6o8WWJzJYhytiu9nFjTszk1g==",
      "dev": true
    },
    "node_modules/bulzor-components-extended": {
      "version": "0.3.12",
      "resolved": "https://registry.npmjs.org/bulzor-components-extended/-/bulzor-components-extended-0.3.12.tgz",
      "integrity": "sha512-4MXrNNihwjjm+KpDRyV7J90sYGZ3a7lQs6iuGBzpfDGlROQapEo3ZN08m54WzkFBo4B44e1oXzeUcKzy4cvI6g==",
      "dev": true
    },
    "node_modules/bulzor-components-mediaplayer": {
      "version": "0.3.12",
      "resolved": "https://registry.npmjs.org/bulzor-components-mediaplayer/-/bulzor-components-mediaplayer-0.3.12.tgz",
      "integrity": "sha512-7uIL34ybHWyz17m0Fk3tzOvq8lg/WoAifu0C4Wen8w+CuCA29riS8hIYKtVIyEYsN/g8drZrDd9QGPDyXbQeAQ==",
      "dev": true
    }
  },
  "dependencies": {
    "bulma": {
      "version": "0.9.3",
      "resolved": "https://registry.npmjs.org/bulma/-/bulma-0.9.3.tgz",
      "integrity": "sha512-0d7GNW1PY4ud8TWxdNcP6Cc8Bu7MxcntD/RRLGWuiw/s0a9P+XlH/6QoOIrmbj6o8WWJzJYhytiu9nFjTszk1g==",
      "dev": true
    },
    "bulzor-components-extended": {
      "version": "0.3.12",
      "resolved": "https://registry.npmjs.org/bulzor-components-extended/-/bulzor-components-extended-0.3.12.tgz",
      "integrity": "sha512-4MXrNNihwjjm+KpDRyV7J90sYGZ3a7lQs6iuGBzpfDGlROQapEo3ZN08m54WzkFBo4B44e1oXzeUcKzy4cvI6g==",
      "dev": true
    },
    "bulzor-components-mediaplayer": {
      "version": "0.3.12",
      "resolved": "https://registry.npmjs.org/bulzor-components-mediaplayer/-/bulzor-components-mediaplayer-0.3.12.tgz",
      "integrity": "sha512-7uIL34ybHWyz17m0Fk3tzOvq8lg/WoAifu0C4Wen8w+CuCA29riS8hIYKtVIyEYsN/g8drZrDd9QGPDyXbQeAQ==",
      "dev": true
    }
  }
}
