{
  "name": "Server",
  "lockfileVersion": 2,
  "requires": true,
  "packages": {
    "": {
      "license": "MIT",
      "devDependencies": {
        "bulma": "^0.9.2",
        "bulzor-components-extended": "^0.2.3"
      }
    },
    "node_modules/bulma": {
      "version": "0.9.2",
      "resolved": "https://registry.npmjs.org/bulma/-/bulma-0.9.2.tgz",
      "integrity": "sha512-e14EF+3VSZ488yL/lJH0tR8mFWiEQVCMi/BQUMi2TGMBOk+zrDg4wryuwm/+dRSHJw0gMawp2tsW7X1JYUCE3A==",
      "dev": true
    },
    "node_modules/bulzor-components-extended": {
      "version": "0.2.3",
      "resolved": "https://registry.npmjs.org/bulzor-components-extended/-/bulzor-components-extended-0.2.3.tgz",
      "integrity": "sha512-eNHVSnbw2iaCLtmLXyITYIZurMy3CtxPYgvrNEOWQzz0loomzF3xAmBfMautEsdpXSdTlpWfCufcPit0WXuVFw==",
      "dev": true
    }
  },
  "dependencies": {
    "bulma": {
      "version": "0.9.2",
      "resolved": "https://registry.npmjs.org/bulma/-/bulma-0.9.2.tgz",
      "integrity": "sha512-e14EF+3VSZ488yL/lJH0tR8mFWiEQVCMi/BQUMi2TGMBOk+zrDg4wryuwm/+dRSHJw0gMawp2tsW7X1JYUCE3A==",
      "dev": true
    },
    "bulzor-components-extended": {
      "version": "0.2.3",
      "resolved": "https://registry.npmjs.org/bulzor-components-extended/-/bulzor-components-extended-0.2.3.tgz",
      "integrity": "sha512-eNHVSnbw2iaCLtmLXyITYIZurMy3CtxPYgvrNEOWQzz0loomzF3xAmBfMautEsdpXSdTlpWfCufcPit0WXuVFw==",
      "dev": true
    }
  }
}
